<<<<<<< HEAD
<Solution>
  <Project Path="[.Net] - PCCV/[.Net] - PCCV.csproj" Id="37070799-f731-4193-bdeb-aa42a0066cd2" />
</Solution>
=======
<Solution>
  <Project Path="[.Net] - PCCV/[.Net] - PCCV.csproj" Id="37070799-f731-4193-bdeb-aa42a0066cd2" />
</Solution>
>>>>>>> 5c7afd23e84424bb1042ed50d1d1bb448e75d728
